
Microsoft Visual Studio Solution File, Format Version 12.00
# Visual Studio Version 16
VisualStudioVersion = 16.0.30503.244
MinimumVisualStudioVersion = 10.0.40219.1
Project("{FAE04EC0-301F-11D3-BF4B-00C04F79EFBC}") = "MarsRovers", "MarsRovers\MarsRovers.csproj", "{BB2965BF-88CA-40EA-8043-6F3A502EB308}"
EndProject
Project("{FAE04EC0-301F-11D3-BF4B-00C04F79EFBC}") = "UnitTest", "UnitTest\UnitTest.csproj", "{B965DCA6-B2DC-44AE-9EFF-120CF7815C12}"
EndProject
Global
	GlobalSection(SolutionConfigurationPlatforms) = preSolution
		Debug|Any CPU = Debug|Any CPU
		Release|Any CPU = Release|Any CPU
	EndGlobalSection
	GlobalSection(ProjectConfigurationPlatforms) = postSolution
		{BB2965BF-88CA-40EA-8043-6F3A502EB308}.Debug|Any CPU.ActiveCfg = Debug|Any CPU
		{BB2965BF-88CA-40EA-8043-6F3A502EB308}.Debug|Any CPU.Build.0 = Debug|Any CPU
		{BB2965BF-88CA-40EA-8043-6F3A502EB308}.Release|Any CPU.ActiveCfg = Release|Any CPU
		{BB2965BF-88CA-40EA-8043-6F3A502EB308}.Release|Any CPU.Build.0 = Release|Any CPU
		{B965DCA6-B2DC-44AE-9EFF-120CF7815C12}.Debug|Any CPU.ActiveCfg = Debug|Any CPU
		{B965DCA6-B2DC-44AE-9EFF-120CF7815C12}.Debug|Any CPU.Build.0 = Debug|Any CPU
		{B965DCA6-B2DC-44AE-9EFF-120CF7815C12}.Release|Any CPU.ActiveCfg = Release|Any CPU
		{B965DCA6-B2DC-44AE-9EFF-120CF7815C12}.Release|Any CPU.Build.0 = Release|Any CPU
	EndGlobalSection
	GlobalSection(SolutionProperties) = preSolution
		HideSolutionNode = FALSE
	EndGlobalSection
	GlobalSection(ExtensibilityGlobals) = postSolution
		SolutionGuid = {149C9F1F-6CD7-4B98-989E-9BE1EDDE4CBD}
	EndGlobalSection
EndGlobal
